
Microsoft Visual Studio Solution File, Format Version 12.00
# Visual Studio Version 16
VisualStudioVersion = 16.0.30413.136
MinimumVisualStudioVersion = 10.0.40219.1
Project("{FAE04EC0-301F-11D3-BF4B-00C04F79EFBC}") = "Service", "..\Service\Service.csproj", "{286464F3-41A7-4776-8975-7D64C0211182}"
EndProject
Global
	GlobalSection(SolutionConfigurationPlatforms) = preSolution
		Debug|Any CPU = Debug|Any CPU
		Release|Any CPU = Release|Any CPU
	EndGlobalSection
	GlobalSection(ProjectConfigurationPlatforms) = postSolution
		{286464F3-41A7-4776-8975-7D64C0211182}.Debug|Any CPU.ActiveCfg = Debug|Any CPU
		{286464F3-41A7-4776-8975-7D64C0211182}.Debug|Any CPU.Build.0 = Debug|Any CPU
		{286464F3-41A7-4776-8975-7D64C0211182}.Release|Any CPU.ActiveCfg = Release|Any CPU
		{286464F3-41A7-4776-8975-7D64C0211182}.Release|Any CPU.Build.0 = Release|Any CPU
	EndGlobalSection
	GlobalSection(SolutionProperties) = preSolution
		HideSolutionNode = FALSE
	EndGlobalSection
	GlobalSection(ExtensibilityGlobals) = postSolution
		SolutionGuid = {1413FEC5-517A-4886-A649-69674E23955D}
	EndGlobalSection
EndGlobal
